
Microsoft Visual Studio Solution File, Format Version 12.00
# Visual Studio Version 17
VisualStudioVersion = 17.12.35707.178 d17.12
MinimumVisualStudioVersion = 10.0.40219.1
Project("{FAE04EC0-301F-11D3-BF4B-00C04F79EFBC}") = "01_Delegate", "Delegate\01_Delegate.csproj", "{233E0536-5EEF-4D41-9470-BE4A6F12BC7F}"
EndProject
Project("{FAE04EC0-301F-11D3-BF4B-00C04F79EFBC}") = "02_Delegate_Evento", "02_Delegate_Evento\02_Delegate_Evento.csproj", "{1AAA2836-C583-4428-A0D7-82B9110640EF}"
EndProject
Global
	GlobalSection(SolutionConfigurationPlatforms) = preSolution
		Debug|Any CPU = Debug|Any CPU
		Release|Any CPU = Release|Any CPU
	EndGlobalSection
	GlobalSection(ProjectConfigurationPlatforms) = postSolution
		{233E0536-5EEF-4D41-9470-BE4A6F12BC7F}.Debug|Any CPU.ActiveCfg = Debug|Any CPU
		{233E0536-5EEF-4D41-9470-BE4A6F12BC7F}.Debug|Any CPU.Build.0 = Debug|Any CPU
		{233E0536-5EEF-4D41-9470-BE4A6F12BC7F}.Release|Any CPU.ActiveCfg = Release|Any CPU
		{233E0536-5EEF-4D41-9470-BE4A6F12BC7F}.Release|Any CPU.Build.0 = Release|Any CPU
		{1AAA2836-C583-4428-A0D7-82B9110640EF}.Debug|Any CPU.ActiveCfg = Debug|Any CPU
		{1AAA2836-C583-4428-A0D7-82B9110640EF}.Debug|Any CPU.Build.0 = Debug|Any CPU
		{1AAA2836-C583-4428-A0D7-82B9110640EF}.Release|Any CPU.ActiveCfg = Release|Any CPU
		{1AAA2836-C583-4428-A0D7-82B9110640EF}.Release|Any CPU.Build.0 = Release|Any CPU
	EndGlobalSection
	GlobalSection(SolutionProperties) = preSolution
		HideSolutionNode = FALSE
	EndGlobalSection
EndGlobal
